
Microsoft Visual Studio Solution File, Format Version 12.00
# Visual Studio Version 16
VisualStudioVersion = 16.0.29102.190
MinimumVisualStudioVersion = 15.0.26124.0
Project("{9A19103F-16F7-4668-BE54-9A1E7A4F7556}") = "NLP.API.Core", "NLP.API.Core\NLP.API.Core.csproj", "{B53951C2-42A5-47EE-9315-60ECA0C8EFD6}"
EndProject
Project("{9A19103F-16F7-4668-BE54-9A1E7A4F7556}") = "NLP.API.HostingExtensions", "NLP.API.HostingExtensions\NLP.API.HostingExtensions.csproj", "{CBCB3D2D-28C1-467F-956D-F762ED1FD93D}"
EndProject
Project("{9A19103F-16F7-4668-BE54-9A1E7A4F7556}") = "NLP.API.OrleansHostingExtensions", "NLP.API.OrleansHostingExtensions\NLP.API.OrleansHostingExtensions.csproj", "{592B7F2E-F60B-46AA-8808-D91831C159F6}"
EndProject
Project("{FAE04EC0-301F-11D3-BF4B-00C04F79EFBC}") = "NLP.API.WebHostingExtensions", "NLP.API.WebHostingExtensions\NLP.API.WebHostingExtensions.csproj", "{839A5AD6-7041-452A-9865-E278FAB06C3D}"
EndProject
Global
	GlobalSection(SolutionConfigurationPlatforms) = preSolution
		Debug|Any CPU = Debug|Any CPU
		Debug|x64 = Debug|x64
		Debug|x86 = Debug|x86
		Release|Any CPU = Release|Any CPU
		Release|x64 = Release|x64
		Release|x86 = Release|x86
	EndGlobalSection
	GlobalSection(ProjectConfigurationPlatforms) = postSolution
		{B53951C2-42A5-47EE-9315-60ECA0C8EFD6}.Debug|Any CPU.ActiveCfg = Debug|Any CPU
		{B53951C2-42A5-47EE-9315-60ECA0C8EFD6}.Debug|Any CPU.Build.0 = Debug|Any CPU
		{B53951C2-42A5-47EE-9315-60ECA0C8EFD6}.Debug|x64.ActiveCfg = Debug|Any CPU
		{B53951C2-42A5-47EE-9315-60ECA0C8EFD6}.Debug|x64.Build.0 = Debug|Any CPU
		{B53951C2-42A5-47EE-9315-60ECA0C8EFD6}.Debug|x86.ActiveCfg = Debug|Any CPU
		{B53951C2-42A5-47EE-9315-60ECA0C8EFD6}.Debug|x86.Build.0 = Debug|Any CPU
		{B53951C2-42A5-47EE-9315-60ECA0C8EFD6}.Release|Any CPU.ActiveCfg = Release|Any CPU
		{B53951C2-42A5-47EE-9315-60ECA0C8EFD6}.Release|Any CPU.Build.0 = Release|Any CPU
		{B53951C2-42A5-47EE-9315-60ECA0C8EFD6}.Release|x64.ActiveCfg = Release|Any CPU
		{B53951C2-42A5-47EE-9315-60ECA0C8EFD6}.Release|x64.Build.0 = Release|Any CPU
		{B53951C2-42A5-47EE-9315-60ECA0C8EFD6}.Release|x86.ActiveCfg = Release|Any CPU
		{B53951C2-42A5-47EE-9315-60ECA0C8EFD6}.Release|x86.Build.0 = Release|Any CPU
		{CBCB3D2D-28C1-467F-956D-F762ED1FD93D}.Debug|Any CPU.ActiveCfg = Debug|Any CPU
		{CBCB3D2D-28C1-467F-956D-F762ED1FD93D}.Debug|Any CPU.Build.0 = Debug|Any CPU
		{CBCB3D2D-28C1-467F-956D-F762ED1FD93D}.Debug|x64.ActiveCfg = Debug|Any CPU
		{CBCB3D2D-28C1-467F-956D-F762ED1FD93D}.Debug|x64.Build.0 = Debug|Any CPU
		{CBCB3D2D-28C1-467F-956D-F762ED1FD93D}.Debug|x86.ActiveCfg = Debug|Any CPU
		{CBCB3D2D-28C1-467F-956D-F762ED1FD93D}.Debug|x86.Build.0 = Debug|Any CPU
		{CBCB3D2D-28C1-467F-956D-F762ED1FD93D}.Release|Any CPU.ActiveCfg = Release|Any CPU
		{CBCB3D2D-28C1-467F-956D-F762ED1FD93D}.Release|Any CPU.Build.0 = Release|Any CPU
		{CBCB3D2D-28C1-467F-956D-F762ED1FD93D}.Release|x64.ActiveCfg = Release|Any CPU
		{CBCB3D2D-28C1-467F-956D-F762ED1FD93D}.Release|x64.Build.0 = Release|Any CPU
		{CBCB3D2D-28C1-467F-956D-F762ED1FD93D}.Release|x86.ActiveCfg = Release|Any CPU
		{CBCB3D2D-28C1-467F-956D-F762ED1FD93D}.Release|x86.Build.0 = Release|Any CPU
		{592B7F2E-F60B-46AA-8808-D91831C159F6}.Debug|Any CPU.ActiveCfg = Debug|Any CPU
		{592B7F2E-F60B-46AA-8808-D91831C159F6}.Debug|Any CPU.Build.0 = Debug|Any CPU
		{592B7F2E-F60B-46AA-8808-D91831C159F6}.Debug|x64.ActiveCfg = Debug|Any CPU
		{592B7F2E-F60B-46AA-8808-D91831C159F6}.Debug|x64.Build.0 = Debug|Any CPU
		{592B7F2E-F60B-46AA-8808-D91831C159F6}.Debug|x86.ActiveCfg = Debug|Any CPU
		{592B7F2E-F60B-46AA-8808-D91831C159F6}.Debug|x86.Build.0 = Debug|Any CPU
		{592B7F2E-F60B-46AA-8808-D91831C159F6}.Release|Any CPU.ActiveCfg = Release|Any CPU
		{592B7F2E-F60B-46AA-8808-D91831C159F6}.Release|Any CPU.Build.0 = Release|Any CPU
		{592B7F2E-F60B-46AA-8808-D91831C159F6}.Release|x64.ActiveCfg = Release|Any CPU
		{592B7F2E-F60B-46AA-8808-D91831C159F6}.Release|x64.Build.0 = Release|Any CPU
		{592B7F2E-F60B-46AA-8808-D91831C159F6}.Release|x86.ActiveCfg = Release|Any CPU
		{592B7F2E-F60B-46AA-8808-D91831C159F6}.Release|x86.Build.0 = Release|Any CPU
		{839A5AD6-7041-452A-9865-E278FAB06C3D}.Debug|Any CPU.ActiveCfg = Debug|Any CPU
		{839A5AD6-7041-452A-9865-E278FAB06C3D}.Debug|Any CPU.Build.0 = Debug|Any CPU
		{839A5AD6-7041-452A-9865-E278FAB06C3D}.Debug|x64.ActiveCfg = Debug|Any CPU
		{839A5AD6-7041-452A-9865-E278FAB06C3D}.Debug|x64.Build.0 = Debug|Any CPU
		{839A5AD6-7041-452A-9865-E278FAB06C3D}.Debug|x86.ActiveCfg = Debug|Any CPU
		{839A5AD6-7041-452A-9865-E278FAB06C3D}.Debug|x86.Build.0 = Debug|Any CPU
		{839A5AD6-7041-452A-9865-E278FAB06C3D}.Release|Any CPU.ActiveCfg = Release|Any CPU
		{839A5AD6-7041-452A-9865-E278FAB06C3D}.Release|Any CPU.Build.0 = Release|Any CPU
		{839A5AD6-7041-452A-9865-E278FAB06C3D}.Release|x64.ActiveCfg = Release|Any CPU
		{839A5AD6-7041-452A-9865-E278FAB06C3D}.Release|x64.Build.0 = Release|Any CPU
		{839A5AD6-7041-452A-9865-E278FAB06C3D}.Release|x86.ActiveCfg = Release|Any CPU
		{839A5AD6-7041-452A-9865-E278FAB06C3D}.Release|x86.Build.0 = Release|Any CPU
	EndGlobalSection
	GlobalSection(SolutionProperties) = preSolution
		HideSolutionNode = FALSE
	EndGlobalSection
	GlobalSection(ExtensibilityGlobals) = postSolution
		SolutionGuid = {58B14761-8D6F-4092-B877-E256B65E1216}
	EndGlobalSection
EndGlobal
